// !$*UTF8*$!
{
	archiveVersion = 1;
	classes = {
	};
	objectVersion = 46;
	objects = {

/* Begin PBXBuildFile section */
		54051CB51D0A001200FE7E76 /* AppDelegate.swift in Sources */ = {isa = PBXBuildFile; fileRef = 54051CB41D0A001200FE7E76 /* AppDelegate.swift */; };
		54051CBC1D0A001200FE7E76 /* Assets.xcassets in Resources */ = {isa = PBXBuildFile; fileRef = 54051CBB1D0A001200FE7E76 /* Assets.xcassets */; };
		5418D1381D11EDE20064150D /* globe_icon@2x.png in Resources */ = {isa = PBXBuildFile; fileRef = 5418D1371D11EDE20064150D /* globe_icon@2x.png */; };
		5418D13A1D11EF620064150D /* profile_icon@2x.png in Resources */ = {isa = PBXBuildFile; fileRef = 5418D1391D11EF620064150D /* profile_icon@2x.png */; };
		9AB842EB0F823917C977963F /* Pods_chat_ios.framework in Frameworks */ = {isa = PBXBuildFile; fileRef = ED91D5B61F232243D60828B6 /* Pods_chat_ios.framework */; };
		D32767FC1D3D5CAD002FD1DA /* pencil_icon@2x.png in Resources */ = {isa = PBXBuildFile; fileRef = D32767FB1D3D5CAD002FD1DA /* pencil_icon@2x.png */; };
		D3497AC81D32FF1C00DB49D9 /* CTChatTableViewCell.swift in Sources */ = {isa = PBXBuildFile; fileRef = D3497AC71D32FF1C00DB49D9 /* CTChatTableViewCell.swift */; };
		D3497ACA1D330FC200DB49D9 /* GoogleService-Info.plist in Resources */ = {isa = PBXBuildFile; fileRef = D3497AC91D330FC200DB49D9 /* GoogleService-Info.plist */; };
		D3497ACC1D3337A200DB49D9 /* CTPost.swift in Sources */ = {isa = PBXBuildFile; fileRef = D3497ACB1D3337A200DB49D9 /* CTPost.swift */; };
		D34CA98D1D30188F000A4353 /* CTChatViewController.swift in Sources */ = {isa = PBXBuildFile; fileRef = D34CA98C1D30188F000A4353 /* CTChatViewController.swift */; };
		D37979FE1D19E9A5004BDA9F /* CTButton.swift in Sources */ = {isa = PBXBuildFile; fileRef = D37979FD1D19E9A5004BDA9F /* CTButton.swift */; };
		D3797A001D1ADDB3004BDA9F /* CTLoginViewController.swift in Sources */ = {isa = PBXBuildFile; fileRef = D37979FF1D1ADDB3004BDA9F /* CTLoginViewController.swift */; };
		D38155951D171B2A00642F1E /* CTViewController.swift in Sources */ = {isa = PBXBuildFile; fileRef = D38155941D171B2A00642F1E /* CTViewController.swift */; };
		D38155971D171B9700642F1E /* CTRegisterViewController.swift in Sources */ = {isa = PBXBuildFile; fileRef = D38155961D171B9700642F1E /* CTRegisterViewController.swift */; };
		D38155991D171BBC00642F1E /* CTAccountViewController.swift in Sources */ = {isa = PBXBuildFile; fileRef = D38155981D171BBC00642F1E /* CTAccountViewController.swift */; };
		D381559B1D171C2400642F1E /* CTMapViewController.swift in Sources */ = {isa = PBXBuildFile; fileRef = D381559A1D171C2400642F1E /* CTMapViewController.swift */; };
		D381559D1D171CD200642F1E /* CTPlace.swift in Sources */ = {isa = PBXBuildFile; fileRef = D381559C1D171CD200642F1E /* CTPlace.swift */; };
		D381559F1D171CF500642F1E /* APIManager.swift in Sources */ = {isa = PBXBuildFile; fileRef = D381559E1D171CF500642F1E /* APIManager.swift */; };
		D38155A51D1731BA00642F1E /* Config.swift in Sources */ = {isa = PBXBuildFile; fileRef = D38155A41D1731BA00642F1E /* Config.swift */; };
		D3A572901D18C2110011822F /* CTProfile.swift in Sources */ = {isa = PBXBuildFile; fileRef = D3A5728F1D18C2110011822F /* CTProfile.swift */; };
		D3D7E5281D24E3EC00DD4DDD /* CTCreatePlaceViewController.swift in Sources */ = {isa = PBXBuildFile; fileRef = D3D7E5271D24E3EB00DD4DDD /* CTCreatePlaceViewController.swift */; };
		D3E666291D2217C100614F91 /* CTTextField.swift in Sources */ = {isa = PBXBuildFile; fileRef = D3E666281D2217C100614F91 /* CTTextField.swift */; };
/* End PBXBuildFile section */

/* Begin PBXFileReference section */
		0CE9691AC83731FAD978D91F /* Pods-chat-ios.release.xcconfig */ = {isa = PBXFileReference; includeInIndex = 1; lastKnownFileType = text.xcconfig; name = "Pods-chat-ios.release.xcconfig"; path = "Pods/Target Support Files/Pods-chat-ios/Pods-chat-ios.release.xcconfig"; sourceTree = "<group>"; };
		54051CB11D0A001200FE7E76 /* chat-ios.app */ = {isa = PBXFileReference; explicitFileType = wrapper.application; includeInIndex = 0; path = "chat-ios.app"; sourceTree = BUILT_PRODUCTS_DIR; };
		54051CB41D0A001200FE7E76 /* AppDelegate.swift */ = {isa = PBXFileReference; lastKnownFileType = sourcecode.swift; path = AppDelegate.swift; sourceTree = "<group>"; };
		54051CBB1D0A001200FE7E76 /* Assets.xcassets */ = {isa = PBXFileReference; lastKnownFileType = folder.assetcatalog; path = Assets.xcassets; sourceTree = "<group>"; };
		54051CC01D0A001200FE7E76 /* Info.plist */ = {isa = PBXFileReference; lastKnownFileType = text.plist.xml; path = Info.plist; sourceTree = "<group>"; };
		5418D1371D11EDE20064150D /* globe_icon@2x.png */ = {isa = PBXFileReference; lastKnownFileType = image.png; path = "globe_icon@2x.png"; sourceTree = "<group>"; };
		5418D1391D11EF620064150D /* profile_icon@2x.png */ = {isa = PBXFileReference; lastKnownFileType = image.png; path = "profile_icon@2x.png"; sourceTree = "<group>"; };
		942CC802F63FFD1B4DA33F26 /* Pods-chat-ios.debug.xcconfig */ = {isa = PBXFileReference; includeInIndex = 1; lastKnownFileType = text.xcconfig; name = "Pods-chat-ios.debug.xcconfig"; path = "Pods/Target Support Files/Pods-chat-ios/Pods-chat-ios.debug.xcconfig"; sourceTree = "<group>"; };
		D32767FB1D3D5CAD002FD1DA /* pencil_icon@2x.png */ = {isa = PBXFileReference; lastKnownFileType = image.png; path = "pencil_icon@2x.png"; sourceTree = "<group>"; };
		D3497AC71D32FF1C00DB49D9 /* CTChatTableViewCell.swift */ = {isa = PBXFileReference; fileEncoding = 4; lastKnownFileType = sourcecode.swift; path = CTChatTableViewCell.swift; sourceTree = "<group>"; };
		D3497AC91D330FC200DB49D9 /* GoogleService-Info.plist */ = {isa = PBXFileReference; fileEncoding = 4; lastKnownFileType = text.plist.xml; path = "GoogleService-Info.plist"; sourceTree = "<group>"; };
		D3497ACB1D3337A200DB49D9 /* CTPost.swift */ = {isa = PBXFileReference; fileEncoding = 4; lastKnownFileType = sourcecode.swift; path = CTPost.swift; sourceTree = "<group>"; };
		D34CA98C1D30188F000A4353 /* CTChatViewController.swift */ = {isa = PBXFileReference; fileEncoding = 4; lastKnownFileType = sourcecode.swift; path = CTChatViewController.swift; sourceTree = "<group>"; };
		D37979FD1D19E9A5004BDA9F /* CTButton.swift */ = {isa = PBXFileReference; fileEncoding = 4; lastKnownFileType = sourcecode.swift; path = CTButton.swift; sourceTree = "<group>"; };
		D37979FF1D1ADDB3004BDA9F /* CTLoginViewController.swift */ = {isa = PBXFileReference; fileEncoding = 4; lastKnownFileType = sourcecode.swift; path = CTLoginViewController.swift; sourceTree = "<group>"; };
		D38155941D171B2A00642F1E /* CTViewController.swift */ = {isa = PBXFileReference; fileEncoding = 4; lastKnownFileType = sourcecode.swift; path = CTViewController.swift; sourceTree = "<group>"; };
		D38155961D171B9700642F1E /* CTRegisterViewController.swift */ = {isa = PBXFileReference; fileEncoding = 4; lastKnownFileType = sourcecode.swift; path = CTRegisterViewController.swift; sourceTree = "<group>"; };
		D38155981D171BBC00642F1E /* CTAccountViewController.swift */ = {isa = PBXFileReference; fileEncoding = 4; lastKnownFileType = sourcecode.swift; path = CTAccountViewController.swift; sourceTree = "<group>"; };
		D381559A1D171C2400642F1E /* CTMapViewController.swift */ = {isa = PBXFileReference; fileEncoding = 4; lastKnownFileType = sourcecode.swift; path = CTMapViewController.swift; sourceTree = "<group>"; };
		D381559C1D171CD200642F1E /* CTPlace.swift */ = {isa = PBXFileReference; fileEncoding = 4; lastKnownFileType = sourcecode.swift; path = CTPlace.swift; sourceTree = "<group>"; };
		D381559E1D171CF500642F1E /* APIManager.swift */ = {isa = PBXFileReference; fileEncoding = 4; lastKnownFileType = sourcecode.swift; path = APIManager.swift; sourceTree = "<group>"; };
		D38155A41D1731BA00642F1E /* Config.swift */ = {isa = PBXFileReference; fileEncoding = 4; lastKnownFileType = sourcecode.swift; path = Config.swift; sourceTree = "<group>"; };
		D3A5728F1D18C2110011822F /* CTProfile.swift */ = {isa = PBXFileReference; fileEncoding = 4; lastKnownFileType = sourcecode.swift; path = CTProfile.swift; sourceTree = "<group>"; };
		D3D7E5271D24E3EB00DD4DDD /* CTCreatePlaceViewController.swift */ = {isa = PBXFileReference; fileEncoding = 4; lastKnownFileType = sourcecode.swift; path = CTCreatePlaceViewController.swift; sourceTree = "<group>"; };
		D3E666281D2217C100614F91 /* CTTextField.swift */ = {isa = PBXFileReference; fileEncoding = 4; lastKnownFileType = sourcecode.swift; path = CTTextField.swift; sourceTree = "<group>"; };
		ED91D5B61F232243D60828B6 /* Pods_chat_ios.framework */ = {isa = PBXFileReference; explicitFileType = wrapper.framework; includeInIndex = 0; path = Pods_chat_ios.framework; sourceTree = BUILT_PRODUCTS_DIR; };
/* End PBXFileReference section */

/* Begin PBXFrameworksBuildPhase section */
		54051CAE1D0A001200FE7E76 /* Frameworks */ = {
			isa = PBXFrameworksBuildPhase;
			buildActionMask = 2147483647;
			files = (
				9AB842EB0F823917C977963F /* Pods_chat_ios.framework in Frameworks */,
			);
			runOnlyForDeploymentPostprocessing = 0;
		};
/* End PBXFrameworksBuildPhase section */

/* Begin PBXGroup section */
		0DCF1A05D03E53133C7D12A9 /* Frameworks */ = {
			isa = PBXGroup;
			children = (
				ED91D5B61F232243D60828B6 /* Pods_chat_ios.framework */,
			);
			name = Frameworks;
			sourceTree = "<group>";
		};
		54051CA81D0A001200FE7E76 = {
			isa = PBXGroup;
			children = (
				54051CB31D0A001200FE7E76 /* chat-ios */,
				54051CB21D0A001200FE7E76 /* Products */,
				BF3E35132BC8C34BABD25A6E /* Pods */,
				0DCF1A05D03E53133C7D12A9 /* Frameworks */,
			);
			sourceTree = "<group>";
		};
		54051CB21D0A001200FE7E76 /* Products */ = {
			isa = PBXGroup;
			children = (
				54051CB11D0A001200FE7E76 /* chat-ios.app */,
			);
			name = Products;
			sourceTree = "<group>";
		};
		54051CB31D0A001200FE7E76 /* chat-ios */ = {
			isa = PBXGroup;
			children = (
				D37979FC1D19E532004BDA9F /* Views */,
				54051CBB1D0A001200FE7E76 /* Assets.xcassets */,
				54051CB41D0A001200FE7E76 /* AppDelegate.swift */,
				D38155A41D1731BA00642F1E /* Config.swift */,
				D38155941D171B2A00642F1E /* CTViewController.swift */,
				54051CC01D0A001200FE7E76 /* Info.plist */,
				D3497AC91D330FC200DB49D9 /* GoogleService-Info.plist */,
				5418D1361D11EDC50064150D /* Images */,
				5418D13B1D11F8B30064150D /* models */,
				5418D13E1D11FD410064150D /* utils */,
				54051CC81D0A4DB900FE7E76 /* ViewControllers */,
			);
			path = "chat-ios";
			sourceTree = "<group>";
		};
		54051CC81D0A4DB900FE7E76 /* ViewControllers */ = {
			isa = PBXGroup;
			children = (
				54E3915B1D0B575400020376 /* Account */,
				D381559A1D171C2400642F1E /* CTMapViewController.swift */,
				D34CA98C1D30188F000A4353 /* CTChatViewController.swift */,
			);
			path = ViewControllers;
			sourceTree = "<group>";
		};
		5418D1361D11EDC50064150D /* Images */ = {
			isa = PBXGroup;
			children = (
				D32767FB1D3D5CAD002FD1DA /* pencil_icon@2x.png */,
				5418D1371D11EDE20064150D /* globe_icon@2x.png */,
				5418D1391D11EF620064150D /* profile_icon@2x.png */,
			);
			path = Images;
			sourceTree = "<group>";
		};
		5418D13B1D11F8B30064150D /* models */ = {
			isa = PBXGroup;
			children = (
				D381559C1D171CD200642F1E /* CTPlace.swift */,
				D3A5728F1D18C2110011822F /* CTProfile.swift */,
				D3497ACB1D3337A200DB49D9 /* CTPost.swift */,
			);
			path = models;
			sourceTree = "<group>";
		};
		5418D13E1D11FD410064150D /* utils */ = {
			isa = PBXGroup;
			children = (
				D381559E1D171CF500642F1E /* APIManager.swift */,
			);
			path = utils;
			sourceTree = "<group>";
		};
		54E3915B1D0B575400020376 /* Account */ = {
			isa = PBXGroup;
			children = (
				D38155961D171B9700642F1E /* CTRegisterViewController.swift */,
				D38155981D171BBC00642F1E /* CTAccountViewController.swift */,
				D37979FF1D1ADDB3004BDA9F /* CTLoginViewController.swift */,
				D3D7E5271D24E3EB00DD4DDD /* CTCreatePlaceViewController.swift */,
			);
			path = Account;
			sourceTree = "<group>";
		};
		BF3E35132BC8C34BABD25A6E /* Pods */ = {
			isa = PBXGroup;
			children = (
				942CC802F63FFD1B4DA33F26 /* Pods-chat-ios.debug.xcconfig */,
				0CE9691AC83731FAD978D91F /* Pods-chat-ios.release.xcconfig */,
			);
			name = Pods;
			sourceTree = "<group>";
		};
		D37979FC1D19E532004BDA9F /* Views */ = {
			isa = PBXGroup;
			children = (
				D37979FD1D19E9A5004BDA9F /* CTButton.swift */,
				D3E666281D2217C100614F91 /* CTTextField.swift */,
				D3497AC71D32FF1C00DB49D9 /* CTChatTableViewCell.swift */,
			);
			path = Views;
			sourceTree = "<group>";
		};
/* End PBXGroup section */

/* Begin PBXNativeTarget section */
		54051CB01D0A001200FE7E76 /* chat-ios */ = {
			isa = PBXNativeTarget;
			buildConfigurationList = 54051CC31D0A001200FE7E76 /* Build configuration list for PBXNativeTarget "chat-ios" */;
			buildPhases = (
				C220A4D0DC0AC177FE2813D2 /* 📦 Check Pods Manifest.lock */,
				54051CAD1D0A001200FE7E76 /* Sources */,
				54051CAE1D0A001200FE7E76 /* Frameworks */,
				54051CAF1D0A001200FE7E76 /* Resources */,
				EFC1DFB89164FCC310270F2D /* 📦 Embed Pods Frameworks */,
				39E21A9182D3D289129D962C /* 📦 Copy Pods Resources */,
			);
			buildRules = (
			);
			dependencies = (
			);
			name = "chat-ios";
			productName = "chat-ios";
			productReference = 54051CB11D0A001200FE7E76 /* chat-ios.app */;
			productType = "com.apple.product-type.application";
		};
/* End PBXNativeTarget section */

/* Begin PBXProject section */
		54051CA91D0A001200FE7E76 /* Project object */ = {
			isa = PBXProject;
			attributes = {
				LastSwiftUpdateCheck = 0730;
				LastUpgradeCheck = 0730;
				ORGANIZATIONNAME = Velocity360;
				TargetAttributes = {
					54051CB01D0A001200FE7E76 = {
						CreatedOnToolsVersion = 7.3.1;
						DevelopmentTeam = QDUUW7F987;
					};
				};
			};
			buildConfigurationList = 54051CAC1D0A001200FE7E76 /* Build configuration list for PBXProject "chat-ios" */;
			compatibilityVersion = "Xcode 3.2";
			developmentRegion = English;
			hasScannedForEncodings = 0;
			knownRegions = (
				en,
				Base,
			);
			mainGroup = 54051CA81D0A001200FE7E76;
			productRefGroup = 54051CB21D0A001200FE7E76 /* Products */;
			projectDirPath = "";
			projectRoot = "";
			targets = (
				54051CB01D0A001200FE7E76 /* chat-ios */,
			);
		};
/* End PBXProject section */

/* Begin PBXResourcesBuildPhase section */
		54051CAF1D0A001200FE7E76 /* Resources */ = {
			isa = PBXResourcesBuildPhase;
			buildActionMask = 2147483647;
			files = (
				D32767FC1D3D5CAD002FD1DA /* pencil_icon@2x.png in Resources */,
				5418D1381D11EDE20064150D /* globe_icon@2x.png in Resources */,
				D3497ACA1D330FC200DB49D9 /* GoogleService-Info.plist in Resources */,
				5418D13A1D11EF620064150D /* profile_icon@2x.png in Resources */,
				54051CBC1D0A001200FE7E76 /* Assets.xcassets in Resources */,
			);
			runOnlyForDeploymentPostprocessing = 0;
		};
/* End PBXResourcesBuildPhase section */

/* Begin PBXShellScriptBuildPhase section */
		39E21A9182D3D289129D962C /* 📦 Copy Pods Resources */ = {
			isa = PBXShellScriptBuildPhase;
			buildActionMask = 2147483647;
			files = (
			);
			inputPaths = (
			);
			name = "📦 Copy Pods Resources";
			outputPaths = (
			);
			runOnlyForDeploymentPostprocessing = 0;
			shellPath = /bin/sh;
			shellScript = "\"${SRCROOT}/Pods/Target Support Files/Pods-chat-ios/Pods-chat-ios-resources.sh\"\n";
			showEnvVarsInLog = 0;
		};
		C220A4D0DC0AC177FE2813D2 /* 📦 Check Pods Manifest.lock */ = {
			isa = PBXShellScriptBuildPhase;
			buildActionMask = 2147483647;
			files = (
			);
			inputPaths = (
			);
			name = "📦 Check Pods Manifest.lock";
			outputPaths = (
			);
			runOnlyForDeploymentPostprocessing = 0;
			shellPath = /bin/sh;
			shellScript = "diff \"${PODS_ROOT}/../Podfile.lock\" \"${PODS_ROOT}/Manifest.lock\" > /dev/null\nif [[ $? != 0 ]] ; then\n    cat << EOM\nerror: The sandbox is not in sync with the Podfile.lock. Run 'pod install' or update your CocoaPods installation.\nEOM\n    exit 1\nfi\n";
			showEnvVarsInLog = 0;
		};
		EFC1DFB89164FCC310270F2D /* 📦 Embed Pods Frameworks */ = {
			isa = PBXShellScriptBuildPhase;
			buildActionMask = 2147483647;
			files = (
			);
			inputPaths = (
			);
			name = "📦 Embed Pods Frameworks";
			outputPaths = (
			);
			runOnlyForDeploymentPostprocessing = 0;
			shellPath = /bin/sh;
			shellScript = "\"${SRCROOT}/Pods/Target Support Files/Pods-chat-ios/Pods-chat-ios-frameworks.sh\"\n";
			showEnvVarsInLog = 0;
		};
/* End PBXShellScriptBuildPhase section */

/* Begin PBXSourcesBuildPhase section */
		54051CAD1D0A001200FE7E76 /* Sources */ = {
			isa = PBXSourcesBuildPhase;
			buildActionMask = 2147483647;
			files = (
				D381559F1D171CF500642F1E /* APIManager.swift in Sources */,
				D381559B1D171C2400642F1E /* CTMapViewController.swift in Sources */,
				D3A572901D18C2110011822F /* CTProfile.swift in Sources */,
				54051CB51D0A001200FE7E76 /* AppDelegate.swift in Sources */,
				D3497ACC1D3337A200DB49D9 /* CTPost.swift in Sources */,
				D38155991D171BBC00642F1E /* CTAccountViewController.swift in Sources */,
				D34CA98D1D30188F000A4353 /* CTChatViewController.swift in Sources */,
				D3797A001D1ADDB3004BDA9F /* CTLoginViewController.swift in Sources */,
				D381559D1D171CD200642F1E /* CTPlace.swift in Sources */,
				D37979FE1D19E9A5004BDA9F /* CTButton.swift in Sources */,
				D3E666291D2217C100614F91 /* CTTextField.swift in Sources */,
				D38155A51D1731BA00642F1E /* Config.swift in Sources */,
				D38155971D171B9700642F1E /* CTRegisterViewController.swift in Sources */,
				D3D7E5281D24E3EC00DD4DDD /* CTCreatePlaceViewController.swift in Sources */,
				D3497AC81D32FF1C00DB49D9 /* CTChatTableViewCell.swift in Sources */,
				D38155951D171B2A00642F1E /* CTViewController.swift in Sources */,
			);
			runOnlyForDeploymentPostprocessing = 0;
		};
/* End PBXSourcesBuildPhase section */

/* Begin XCBuildConfiguration section */
		54051CC11D0A001200FE7E76 /* Debug */ = {
			isa = XCBuildConfiguration;
			buildSettings = {
				ALWAYS_SEARCH_USER_PATHS = NO;
				CLANG_ANALYZER_NONNULL = YES;
				CLANG_CXX_LANGUAGE_STANDARD = "gnu++0x";
				CLANG_CXX_LIBRARY = "libc++";
				CLANG_ENABLE_MODULES = YES;
				CLANG_ENABLE_OBJC_ARC = YES;
				CLANG_WARN_BOOL_CONVERSION = YES;
				CLANG_WARN_CONSTANT_CONVERSION = YES;
				CLANG_WARN_DIRECT_OBJC_ISA_USAGE = YES_ERROR;
				CLANG_WARN_EMPTY_BODY = YES;
				CLANG_WARN_ENUM_CONVERSION = YES;
				CLANG_WARN_INT_CONVERSION = YES;
				CLANG_WARN_OBJC_ROOT_CLASS = YES_ERROR;
				CLANG_WARN_UNREACHABLE_CODE = YES;
				CLANG_WARN__DUPLICATE_METHOD_MATCH = YES;
				"CODE_SIGN_IDENTITY[sdk=iphoneos*]" = "iPhone Developer";
				COPY_PHASE_STRIP = NO;
				DEBUG_INFORMATION_FORMAT = dwarf;
				ENABLE_STRICT_OBJC_MSGSEND = YES;
				ENABLE_TESTABILITY = YES;
				GCC_C_LANGUAGE_STANDARD = gnu99;
				GCC_DYNAMIC_NO_PIC = NO;
				GCC_NO_COMMON_BLOCKS = YES;
				GCC_OPTIMIZATION_LEVEL = 0;
				GCC_PREPROCESSOR_DEFINITIONS = (
					"DEBUG=1",
					"$(inherited)",
				);
				GCC_WARN_64_TO_32_BIT_CONVERSION = YES;
				GCC_WARN_ABOUT_RETURN_TYPE = YES_ERROR;
				GCC_WARN_UNDECLARED_SELECTOR = YES;
				GCC_WARN_UNINITIALIZED_AUTOS = YES_AGGRESSIVE;
				GCC_WARN_UNUSED_FUNCTION = YES;
				GCC_WARN_UNUSED_VARIABLE = YES;
				IPHONEOS_DEPLOYMENT_TARGET = 9.3;
				MTL_ENABLE_DEBUG_INFO = YES;
				ONLY_ACTIVE_ARCH = YES;
				SDKROOT = iphoneos;
				SWIFT_OPTIMIZATION_LEVEL = "-Onone";
			};
			name = Debug;
		};
		54051CC21D0A001200FE7E76 /* Release */ = {
			isa = XCBuildConfiguration;
			buildSettings = {
				ALWAYS_SEARCH_USER_PATHS = NO;
				CLANG_ANALYZER_NONNULL = YES;
				CLANG_CXX_LANGUAGE_STANDARD = "gnu++0x";
				CLANG_CXX_LIBRARY = "libc++";
				CLANG_ENABLE_MODULES = YES;
				CLANG_ENABLE_OBJC_ARC = YES;
				CLANG_WARN_BOOL_CONVERSION = YES;
				CLANG_WARN_CONSTANT_CONVERSION = YES;
				CLANG_WARN_DIRECT_OBJC_ISA_USAGE = YES_ERROR;
				CLANG_WARN_EMPTY_BODY = YES;
				CLANG_WARN_ENUM_CONVERSION = YES;
				CLANG_WARN_INT_CONVERSION = YES;
				CLANG_WARN_OBJC_ROOT_CLASS = YES_ERROR;
				CLANG_WARN_UNREACHABLE_CODE = YES;
				CLANG_WARN__DUPLICATE_METHOD_MATCH = YES;
				"CODE_SIGN_IDENTITY[sdk=iphoneos*]" = "iPhone Developer";
				COPY_PHASE_STRIP = NO;
				DEBUG_INFORMATION_FORMAT = "dwarf-with-dsym";
				ENABLE_NS_ASSERTIONS = NO;
				ENABLE_STRICT_OBJC_MSGSEND = YES;
				GCC_C_LANGUAGE_STANDARD = gnu99;
				GCC_NO_COMMON_BLOCKS = YES;
				GCC_WARN_64_TO_32_BIT_CONVERSION = YES;
				GCC_WARN_ABOUT_RETURN_TYPE = YES_ERROR;
				GCC_WARN_UNDECLARED_SELECTOR = YES;
				GCC_WARN_UNINITIALIZED_AUTOS = YES_AGGRESSIVE;
				GCC_WARN_UNUSED_FUNCTION = YES;
				GCC_WARN_UNUSED_VARIABLE = YES;
				IPHONEOS_DEPLOYMENT_TARGET = 9.3;
				MTL_ENABLE_DEBUG_INFO = NO;
				SDKROOT = iphoneos;
				VALIDATE_PRODUCT = YES;
			};
			name = Release;
		};
		54051CC41D0A001200FE7E76 /* Debug */ = {
			isa = XCBuildConfiguration;
			baseConfigurationReference = 942CC802F63FFD1B4DA33F26 /* Pods-chat-ios.debug.xcconfig */;
			buildSettings = {
				ASSETCATALOG_COMPILER_APPICON_NAME = AppIcon;
				INFOPLIST_FILE = "chat-ios/Info.plist";
				LD_RUNPATH_SEARCH_PATHS = "$(inherited) @executable_path/Frameworks";
				PRODUCT_BUNDLE_IDENTIFIER = "com.velocity360.chat-ios";
				PRODUCT_NAME = "$(TARGET_NAME)";
			};
			name = Debug;
		};
		54051CC51D0A001200FE7E76 /* Release */ = {
			isa = XCBuildConfiguration;
			baseConfigurationReference = 0CE9691AC83731FAD978D91F /* Pods-chat-ios.release.xcconfig */;
			buildSettings = {
				ASSETCATALOG_COMPILER_APPICON_NAME = AppIcon;
				INFOPLIST_FILE = "chat-ios/Info.plist";
				LD_RUNPATH_SEARCH_PATHS = "$(inherited) @executable_path/Frameworks";
				PRODUCT_BUNDLE_IDENTIFIER = "com.velocity360.chat-ios";
				PRODUCT_NAME = "$(TARGET_NAME)";
			};
			name = Release;
		};
/* End XCBuildConfiguration section */

/* Begin XCConfigurationList section */
		54051CAC1D0A001200FE7E76 /* Build configuration list for PBXProject "chat-ios" */ = {
			isa = XCConfigurationList;
			buildConfigurations = (
				54051CC11D0A001200FE7E76 /* Debug */,
				54051CC21D0A001200FE7E76 /* Release */,
			);
			defaultConfigurationIsVisible = 0;
			defaultConfigurationName = Release;
		};
		54051CC31D0A001200FE7E76 /* Build configuration list for PBXNativeTarget "chat-ios" */ = {
			isa = XCConfigurationList;
			buildConfigurations = (
				54051CC41D0A001200FE7E76 /* Debug */,
				54051CC51D0A001200FE7E76 /* Release */,
			);
			defaultConfigurationIsVisible = 0;
			defaultConfigurationName = Release;
		};
/* End XCConfigurationList section */
	};
	rootObject = 54051CA91D0A001200FE7E76 /* Project object */;
}
